PODS:
  - RAVPresentersKit (0.4.6):
    - RAVPresentersKit/CollectionViewPresenters (= 0.4.6)
    - RAVPresentersKit/Core (= 0.4.6)
    - RAVPresentersKit/HorizontalViewPresenters (= 0.4.6)
    - RAVPresentersKit/TableController (= 0.4.6)
  - RAVPresentersKit/CollectionViewPresenters (0.4.6):
    - RAVPresentersKit/Core
  - RAVPresentersKit/Core (0.4.6)
  - RAVPresentersKit/HorizontalViewPresenters (0.4.6):
    - RAVPresentersKit/Core
  - RAVPresentersKit/TableController (0.4.6):
    - RAVPresentersKit/Core

DEPENDENCIES:
  - RAVPresentersKit (from `https://github.com/K-Be/RAVPresentersKit`, tag `0.4.6`)

EXTERNAL SOURCES:
  RAVPresentersKit:
    :git: https://github.com/K-Be/RAVPresentersKit
    :tag: 0.4.6

CHECKOUT OPTIONS:
  RAVPresentersKit:
    :git: https://github.com/K-Be/RAVPresentersKit
    :tag: 0.4.6

SPEC CHECKSUMS:
  RAVPresentersKit: 5310f730eb5acf66e0b3d8e58f44f6a9ea35d5bc

PODFILE CHECKSUM: 0c83ce55fbc12aa7ad20636cf117090c8442847b

COCOAPODS: 1.10.0
